
Microsoft Visual Studio Solution File, Format Version 12.00
# Visual Studio Version 16
VisualStudioVersion = 16.0.31105.61
MinimumVisualStudioVersion = 10.0.40219.1
Project("{FAE04EC0-301F-11D3-BF4B-00C04F79EFBC}") = "WinFormsApp1", "WinFormsApp1\WinFormsApp1.csproj", "{B8D4203B-CE0E-4EAA-92FE-F99A875DE4D3}"
EndProject
Global
	GlobalSection(SolutionConfigurationPlatforms) = preSolution
		Debug|Any CPU = Debug|Any CPU
		Release|Any CPU = Release|Any CPU
	EndGlobalSection
	GlobalSection(ProjectConfigurationPlatforms) = postSolution
		{B8D4203B-CE0E-4EAA-92FE-F99A875DE4D3}.Debug|Any CPU.ActiveCfg = Debug|Any CPU
		{B8D4203B-CE0E-4EAA-92FE-F99A875DE4D3}.Debug|Any CPU.Build.0 = Debug|Any CPU
		{B8D4203B-CE0E-4EAA-92FE-F99A875DE4D3}.Release|Any CPU.ActiveCfg = Release|Any CPU
		{B8D4203B-CE0E-4EAA-92FE-F99A875DE4D3}.Release|Any CPU.Build.0 = Release|Any CPU
	EndGlobalSection
	GlobalSection(SolutionProperties) = preSolution
		HideSolutionNode = FALSE
	EndGlobalSection
	GlobalSection(ExtensibilityGlobals) = postSolution
		SolutionGuid = {FA43BCC5-433C-4291-BAB5-300BC87BC460}
	EndGlobalSection
EndGlobal
